
Microsoft Visual Studio Solution File, Format Version 12.00
# Visual Studio Version 16
VisualStudioVersion = 16.0.33130.400
MinimumVisualStudioVersion = 10.0.40219.1
Project("{FAE04EC0-301F-11D3-BF4B-00C04F79EFBC}") = "ConsoleApp27", "ConsoleApp27\ConsoleApp27.csproj", "{809CE184-5EF6-48F6-A988-5DF5AF5E4B81}"
EndProject
Global
	GlobalSection(SolutionConfigurationPlatforms) = preSolution
		Debug|Any CPU = Debug|Any CPU
		Release|Any CPU = Release|Any CPU
	EndGlobalSection
	GlobalSection(ProjectConfigurationPlatforms) = postSolution
		{809CE184-5EF6-48F6-A988-5DF5AF5E4B81}.Debug|Any CPU.ActiveCfg = Debug|Any CPU
		{809CE184-5EF6-48F6-A988-5DF5AF5E4B81}.Debug|Any CPU.Build.0 = Debug|Any CPU
		{809CE184-5EF6-48F6-A988-5DF5AF5E4B81}.Release|Any CPU.ActiveCfg = Release|Any CPU
		{809CE184-5EF6-48F6-A988-5DF5AF5E4B81}.Release|Any CPU.Build.0 = Release|Any CPU
	EndGlobalSection
	GlobalSection(SolutionProperties) = preSolution
		HideSolutionNode = FALSE
	EndGlobalSection
	GlobalSection(ExtensibilityGlobals) = postSolution
		SolutionGuid = {B02B097C-46F1-4D24-8C13-BDF54353C690}
	EndGlobalSection
EndGlobal
